
Microsoft Visual Studio Solution File, Format Version 12.00
# Visual Studio Version 18
VisualStudioVersion = 18.0.11222.15
MinimumVisualStudioVersion = 10.0.40219.1
Project("{FAE04EC0-301F-11D3-BF4B-00C04F79EFBC}") = "Banksoftware", "ErsterProjekt\Banksoftware.csproj", "{3ADE5BA4-AB09-4882-BF6D-DD8B13333C2E}"
EndProject
Project("{FAE04EC0-301F-11D3-BF4B-00C04F79EFBC}") = "Microsoftlernen", "Microsoftlernen\Microsoftlernen.csproj", "{CFCA9CB5-5F13-4679-A581-647C7B7341ED}"
EndProject
Project("{FAE04EC0-301F-11D3-BF4B-00C04F79EFBC}") = "CsharpProjektsRandom", "..\Repository\CsharpProjektsRandom\CsharpProjektsRandom.csproj", "{9A8E4F68-3800-481E-B00A-3114BF9337C0}"
EndProject
Global
	GlobalSection(SolutionConfigurationPlatforms) = preSolution
		Debug|Any CPU = Debug|Any CPU
		Release|Any CPU = Release|Any CPU
	EndGlobalSection
	GlobalSection(ProjectConfigurationPlatforms) = postSolution
		{3ADE5BA4-AB09-4882-BF6D-DD8B13333C2E}.Debug|Any CPU.ActiveCfg = Debug|Any CPU
		{3ADE5BA4-AB09-4882-BF6D-DD8B13333C2E}.Debug|Any CPU.Build.0 = Debug|Any CPU
		{3ADE5BA4-AB09-4882-BF6D-DD8B13333C2E}.Release|Any CPU.ActiveCfg = Release|Any CPU
		{3ADE5BA4-AB09-4882-BF6D-DD8B13333C2E}.Release|Any CPU.Build.0 = Release|Any CPU
		{CFCA9CB5-5F13-4679-A581-647C7B7341ED}.Debug|Any CPU.ActiveCfg = Debug|Any CPU
		{CFCA9CB5-5F13-4679-A581-647C7B7341ED}.Debug|Any CPU.Build.0 = Debug|Any CPU
		{CFCA9CB5-5F13-4679-A581-647C7B7341ED}.Release|Any CPU.ActiveCfg = Release|Any CPU
		{CFCA9CB5-5F13-4679-A581-647C7B7341ED}.Release|Any CPU.Build.0 = Release|Any CPU
		{9A8E4F68-3800-481E-B00A-3114BF9337C0}.Debug|Any CPU.ActiveCfg = Debug|Any CPU
		{9A8E4F68-3800-481E-B00A-3114BF9337C0}.Debug|Any CPU.Build.0 = Debug|Any CPU
		{9A8E4F68-3800-481E-B00A-3114BF9337C0}.Release|Any CPU.ActiveCfg = Release|Any CPU
		{9A8E4F68-3800-481E-B00A-3114BF9337C0}.Release|Any CPU.Build.0 = Release|Any CPU
	EndGlobalSection
	GlobalSection(SolutionProperties) = preSolution
		HideSolutionNode = FALSE
	EndGlobalSection
	GlobalSection(ExtensibilityGlobals) = postSolution
		SolutionGuid = {C34F15AF-91C1-4FCD-8953-E29364117651}
	EndGlobalSection
EndGlobal
