
Microsoft Visual Studio Solution File, Format Version 12.00
# Visual Studio Version 18
VisualStudioVersion = 18.0.11222.15
MinimumVisualStudioVersion = 10.0.40219.1
Project("{FAE04EC0-301F-11D3-BF4B-00C04F79EFBC}") = "ErsterProjekt", "ErsterProjekt\ErsterProjekt.csproj", "{3ADE5BA4-AB09-4882-BF6D-DD8B13333C2E}"
EndProject
Project("{FAE04EC0-301F-11D3-BF4B-00C04F79EFBC}") = "Microsoft_Learn", "Microsoft_Learn\Microsoft_Learn.csproj", "{40CA3152-83D6-4EC8-8A21-1457D51CBCEF}"
EndProject
Project("{FAE04EC0-301F-11D3-BF4B-00C04F79EFBC}") = "PatternMatchingSwitch", "PatternMatchingSwitch\PatternMatchingSwitch.csproj", "{3D9C59DB-8D71-4943-9F0A-7FF251AD9392}"
EndProject
Project("{FAE04EC0-301F-11D3-BF4B-00C04F79EFBC}") = "TernaryOperator", "TernaryOperator\TernaryOperator.csproj", "{8A52C668-2533-4AD3-96A8-D5C0B3B22746}"
EndProject
Project("{FAE04EC0-301F-11D3-BF4B-00C04F79EFBC}") = "WhileDo_DoWhile", "WhileDo_DoWhile\WhileDo_DoWhile.csproj", "{AF931326-7A00-45F1-BC73-D02210A28B78}"
EndProject
Project("{FAE04EC0-301F-11D3-BF4B-00C04F79EFBC}") = "PasswortPruefer", "PasswortPruefer\PasswortPruefer.csproj", "{703C19C3-A20D-4917-B92A-61D412E98351}"
EndProject
Project("{FAE04EC0-301F-11D3-BF4B-00C04F79EFBC}") = "TextStatistikTool", "Text-Statistik-Tool\TextStatistikTool.csproj", "{710DACDC-0746-4DD8-9E6A-EE4EB98D9EA3}"
EndProject
Project("{FAE04EC0-301F-11D3-BF4B-00C04F79EFBC}") = "Heizungssystem", "Heizungssystem\Heizungssystem.csproj", "{65F04920-0608-4FD5-9492-2C95661C623B}"
EndProject
Project("{FAE04EC0-301F-11D3-BF4B-00C04F79EFBC}") = "Auto", "Auto\Auto.csproj", "{571111D3-0032-4D9F-B654-DA653FDA6548}"
EndProject
Project("{FAE04EC0-301F-11D3-BF4B-00C04F79EFBC}") = "Hund", "Hund\Hund.csproj", "{111359BA-8AEB-4978-A615-0393303B822A}"
EndProject
Project("{FAE04EC0-301F-11D3-BF4B-00C04F79EFBC}") = "Bankkonto", "Bankkonto\Bankkonto.csproj", "{ED1B822A-9B1F-4FD3-ACF7-9D830BA31CA4}"
EndProject
Project("{FAE04EC0-301F-11D3-BF4B-00C04F79EFBC}") = "PersonenNahVerkehr", "PersonenNahVerkehr\PersonenNahVerkehr.csproj", "{6908E777-E1C8-4340-A86D-143AFE1076C7}"
EndProject
Project("{FAE04EC0-301F-11D3-BF4B-00C04F79EFBC}") = "Bibliothekverwaltungssystem", "Bibliothekverwaltungssystem\Bibliothekverwaltungssystem.csproj", "{56EDF771-8D71-4877-B840-A543FB60CC02}"
EndProject
Project("{FAE04EC0-301F-11D3-BF4B-00C04F79EFBC}") = "HTML", "HTML\HTML.csproj", "{81F881F6-1C15-4255-8F08-7DA0582D3EFB}"
EndProject
Global
	GlobalSection(SolutionConfigurationPlatforms) = preSolution
		Debug|Any CPU = Debug|Any CPU
		Release|Any CPU = Release|Any CPU
	EndGlobalSection
	GlobalSection(ProjectConfigurationPlatforms) = postSolution
		{3ADE5BA4-AB09-4882-BF6D-DD8B13333C2E}.Debug|Any CPU.ActiveCfg = Debug|Any CPU
		{3ADE5BA4-AB09-4882-BF6D-DD8B13333C2E}.Debug|Any CPU.Build.0 = Debug|Any CPU
		{3ADE5BA4-AB09-4882-BF6D-DD8B13333C2E}.Release|Any CPU.ActiveCfg = Release|Any CPU
		{3ADE5BA4-AB09-4882-BF6D-DD8B13333C2E}.Release|Any CPU.Build.0 = Release|Any CPU
		{40CA3152-83D6-4EC8-8A21-1457D51CBCEF}.Debug|Any CPU.ActiveCfg = Debug|Any CPU
		{40CA3152-83D6-4EC8-8A21-1457D51CBCEF}.Debug|Any CPU.Build.0 = Debug|Any CPU
		{40CA3152-83D6-4EC8-8A21-1457D51CBCEF}.Release|Any CPU.ActiveCfg = Release|Any CPU
		{40CA3152-83D6-4EC8-8A21-1457D51CBCEF}.Release|Any CPU.Build.0 = Release|Any CPU
		{3D9C59DB-8D71-4943-9F0A-7FF251AD9392}.Debug|Any CPU.ActiveCfg = Debug|Any CPU
		{3D9C59DB-8D71-4943-9F0A-7FF251AD9392}.Debug|Any CPU.Build.0 = Debug|Any CPU
		{3D9C59DB-8D71-4943-9F0A-7FF251AD9392}.Release|Any CPU.ActiveCfg = Release|Any CPU
		{3D9C59DB-8D71-4943-9F0A-7FF251AD9392}.Release|Any CPU.Build.0 = Release|Any CPU
		{8A52C668-2533-4AD3-96A8-D5C0B3B22746}.Debug|Any CPU.ActiveCfg = Debug|Any CPU
		{8A52C668-2533-4AD3-96A8-D5C0B3B22746}.Debug|Any CPU.Build.0 = Debug|Any CPU
		{8A52C668-2533-4AD3-96A8-D5C0B3B22746}.Release|Any CPU.ActiveCfg = Release|Any CPU
		{8A52C668-2533-4AD3-96A8-D5C0B3B22746}.Release|Any CPU.Build.0 = Release|Any CPU
		{AF931326-7A00-45F1-BC73-D02210A28B78}.Debug|Any CPU.ActiveCfg = Debug|Any CPU
		{AF931326-7A00-45F1-BC73-D02210A28B78}.Debug|Any CPU.Build.0 = Debug|Any CPU
		{AF931326-7A00-45F1-BC73-D02210A28B78}.Release|Any CPU.ActiveCfg = Release|Any CPU
		{AF931326-7A00-45F1-BC73-D02210A28B78}.Release|Any CPU.Build.0 = Release|Any CPU
		{703C19C3-A20D-4917-B92A-61D412E98351}.Debug|Any CPU.ActiveCfg = Debug|Any CPU
		{703C19C3-A20D-4917-B92A-61D412E98351}.Debug|Any CPU.Build.0 = Debug|Any CPU
		{703C19C3-A20D-4917-B92A-61D412E98351}.Release|Any CPU.ActiveCfg = Release|Any CPU
		{703C19C3-A20D-4917-B92A-61D412E98351}.Release|Any CPU.Build.0 = Release|Any CPU
		{710DACDC-0746-4DD8-9E6A-EE4EB98D9EA3}.Debug|Any CPU.ActiveCfg = Debug|Any CPU
		{710DACDC-0746-4DD8-9E6A-EE4EB98D9EA3}.Debug|Any CPU.Build.0 = Debug|Any CPU
		{710DACDC-0746-4DD8-9E6A-EE4EB98D9EA3}.Release|Any CPU.ActiveCfg = Release|Any CPU
		{710DACDC-0746-4DD8-9E6A-EE4EB98D9EA3}.Release|Any CPU.Build.0 = Release|Any CPU
		{65F04920-0608-4FD5-9492-2C95661C623B}.Debug|Any CPU.ActiveCfg = Debug|Any CPU
		{65F04920-0608-4FD5-9492-2C95661C623B}.Debug|Any CPU.Build.0 = Debug|Any CPU
		{65F04920-0608-4FD5-9492-2C95661C623B}.Release|Any CPU.ActiveCfg = Release|Any CPU
		{65F04920-0608-4FD5-9492-2C95661C623B}.Release|Any CPU.Build.0 = Release|Any CPU
		{571111D3-0032-4D9F-B654-DA653FDA6548}.Debug|Any CPU.ActiveCfg = Debug|Any CPU
		{571111D3-0032-4D9F-B654-DA653FDA6548}.Debug|Any CPU.Build.0 = Debug|Any CPU
		{571111D3-0032-4D9F-B654-DA653FDA6548}.Release|Any CPU.ActiveCfg = Release|Any CPU
		{571111D3-0032-4D9F-B654-DA653FDA6548}.Release|Any CPU.Build.0 = Release|Any CPU
		{111359BA-8AEB-4978-A615-0393303B822A}.Debug|Any CPU.ActiveCfg = Debug|Any CPU
		{111359BA-8AEB-4978-A615-0393303B822A}.Debug|Any CPU.Build.0 = Debug|Any CPU
		{111359BA-8AEB-4978-A615-0393303B822A}.Release|Any CPU.ActiveCfg = Release|Any CPU
		{111359BA-8AEB-4978-A615-0393303B822A}.Release|Any CPU.Build.0 = Release|Any CPU
		{ED1B822A-9B1F-4FD3-ACF7-9D830BA31CA4}.Debug|Any CPU.ActiveCfg = Debug|Any CPU
		{ED1B822A-9B1F-4FD3-ACF7-9D830BA31CA4}.Debug|Any CPU.Build.0 = Debug|Any CPU
		{ED1B822A-9B1F-4FD3-ACF7-9D830BA31CA4}.Release|Any CPU.ActiveCfg = Release|Any CPU
		{ED1B822A-9B1F-4FD3-ACF7-9D830BA31CA4}.Release|Any CPU.Build.0 = Release|Any CPU
		{6908E777-E1C8-4340-A86D-143AFE1076C7}.Debug|Any CPU.ActiveCfg = Debug|Any CPU
		{6908E777-E1C8-4340-A86D-143AFE1076C7}.Debug|Any CPU.Build.0 = Debug|Any CPU
		{6908E777-E1C8-4340-A86D-143AFE1076C7}.Release|Any CPU.ActiveCfg = Release|Any CPU
		{6908E777-E1C8-4340-A86D-143AFE1076C7}.Release|Any CPU.Build.0 = Release|Any CPU
		{56EDF771-8D71-4877-B840-A543FB60CC02}.Debug|Any CPU.ActiveCfg = Debug|Any CPU
		{56EDF771-8D71-4877-B840-A543FB60CC02}.Debug|Any CPU.Build.0 = Debug|Any CPU
		{56EDF771-8D71-4877-B840-A543FB60CC02}.Release|Any CPU.ActiveCfg = Release|Any CPU
		{56EDF771-8D71-4877-B840-A543FB60CC02}.Release|Any CPU.Build.0 = Release|Any CPU
		{81F881F6-1C15-4255-8F08-7DA0582D3EFB}.Debug|Any CPU.ActiveCfg = Debug|Any CPU
		{81F881F6-1C15-4255-8F08-7DA0582D3EFB}.Debug|Any CPU.Build.0 = Debug|Any CPU
		{81F881F6-1C15-4255-8F08-7DA0582D3EFB}.Release|Any CPU.ActiveCfg = Release|Any CPU
		{81F881F6-1C15-4255-8F08-7DA0582D3EFB}.Release|Any CPU.Build.0 = Release|Any CPU
	EndGlobalSection
	GlobalSection(SolutionProperties) = preSolution
		HideSolutionNode = FALSE
	EndGlobalSection
	GlobalSection(ExtensibilityGlobals) = postSolution
		SolutionGuid = {C34F15AF-91C1-4FCD-8953-E29364117651}
	EndGlobalSection
EndGlobal
