
Microsoft Visual Studio Solution File, Format Version 12.00
# Visual Studio Version 18
VisualStudioVersion = 18.0.11222.15
MinimumVisualStudioVersion = 10.0.40219.1
Project("{FAE04EC0-301F-11D3-BF4B-00C04F79EFBC}") = "ErsterProjekt", "ErsterProjekt\ErsterProjekt.csproj", "{3ADE5BA4-AB09-4882-BF6D-DD8B13333C2E}"
EndProject
Project("{FAE04EC0-301F-11D3-BF4B-00C04F79EFBC}") = "Bibliothek", "Bibliothek\Bibliothek.csproj", "{26518071-4BF2-42BD-A230-CF236E167646}"
EndProject
Project("{FAE04EC0-301F-11D3-BF4B-00C04F79EFBC}") = "Webentwicklung", "Webentwicklung\Webentwicklung.csproj", "{510EE874-7D18-495A-9172-D6CDD47585D2}"
EndProject
Global
	GlobalSection(SolutionConfigurationPlatforms) = preSolution
		Debug|Any CPU = Debug|Any CPU
		Release|Any CPU = Release|Any CPU
	EndGlobalSection
	GlobalSection(ProjectConfigurationPlatforms) = postSolution
		{3ADE5BA4-AB09-4882-BF6D-DD8B13333C2E}.Debug|Any CPU.ActiveCfg = Debug|Any CPU
		{3ADE5BA4-AB09-4882-BF6D-DD8B13333C2E}.Debug|Any CPU.Build.0 = Debug|Any CPU
		{3ADE5BA4-AB09-4882-BF6D-DD8B13333C2E}.Release|Any CPU.ActiveCfg = Release|Any CPU
		{3ADE5BA4-AB09-4882-BF6D-DD8B13333C2E}.Release|Any CPU.Build.0 = Release|Any CPU
		{26518071-4BF2-42BD-A230-CF236E167646}.Debug|Any CPU.ActiveCfg = Debug|Any CPU
		{26518071-4BF2-42BD-A230-CF236E167646}.Debug|Any CPU.Build.0 = Debug|Any CPU
		{26518071-4BF2-42BD-A230-CF236E167646}.Release|Any CPU.ActiveCfg = Release|Any CPU
		{26518071-4BF2-42BD-A230-CF236E167646}.Release|Any CPU.Build.0 = Release|Any CPU
		{510EE874-7D18-495A-9172-D6CDD47585D2}.Debug|Any CPU.ActiveCfg = Debug|Any CPU
		{510EE874-7D18-495A-9172-D6CDD47585D2}.Debug|Any CPU.Build.0 = Debug|Any CPU
		{510EE874-7D18-495A-9172-D6CDD47585D2}.Release|Any CPU.ActiveCfg = Release|Any CPU
		{510EE874-7D18-495A-9172-D6CDD47585D2}.Release|Any CPU.Build.0 = Release|Any CPU
	EndGlobalSection
	GlobalSection(SolutionProperties) = preSolution
		HideSolutionNode = FALSE
	EndGlobalSection
	GlobalSection(ExtensibilityGlobals) = postSolution
		SolutionGuid = {C34F15AF-91C1-4FCD-8953-E29364117651}
	EndGlobalSection
EndGlobal
